Microsoft Visual Studio Solution File, Format Version 12.00
# Visual Studio Version 17
VisualStudioVersion = 17.5.2.0
MinimumVisualStudioVersion = 10.0.40219.1
Project("{2150E333-8FDC-42A3-9474-1A3956D46DE8}") = "2-azure-ai-vision", "2-azure-ai-vision", "{DE608FC0-2A52-3854-C83E-EA15C10390B6}"
EndProject
Project("{2150E333-8FDC-42A3-9474-1A3956D46DE8}") = "mslearn-ai-language", "mslearn-ai-language", "{D3E2720D-C6C9-27C0-4319-D3C43FBDB677}"
EndProject
Project("{2150E333-8FDC-42A3-9474-1A3956D46DE8}") = "Labfiles", "Labfiles", "{B0D6F6D5-FD53-3846-FBF0-5DB2B1263F82}"
EndProject
Project("{2150E333-8FDC-42A3-9474-1A3956D46DE8}") = "01-analyze-text", "01-analyze-text", "{B767AFF2-80C1-5F40-1D02-7C36EBA1AA83}"
EndProject
Project("{2150E333-8FDC-42A3-9474-1A3956D46DE8}") = "C-Sharp", "C-Sharp", "{24B3322C-8A43-2029-26CF-D25779A43217}"
EndProject
Project("{FAE04EC0-301F-11D3-BF4B-00C04F79EFBC}") = "text-analysis", "2-azure-ai-vision\mslearn-ai-language\Labfiles\01-analyze-text\C-Sharp\text-analysis\text-analysis.csproj", "{3841A9E6-BFB4-02F6-E98A-AA6E590F8F39}"
EndProject
Project("{2150E333-8FDC-42A3-9474-1A3956D46DE8}") = "02-qna", "02-qna", "{77862775-9F57-77FB-D843-42BD7C967D73}"
EndProject
Project("{2150E333-8FDC-42A3-9474-1A3956D46DE8}") = "C-Sharp", "C-Sharp", "{B5FCD58A-894C-2E9C-4C64-96C1CA7EB7AD}"
EndProject
Project("{FAE04EC0-301F-11D3-BF4B-00C04F79EFBC}") = "qna-app", "2-azure-ai-vision\mslearn-ai-language\Labfiles\02-qna\C-Sharp\qna-app\qna-app.csproj", "{E0480EF3-3B93-96F3-EF00-82687DB72458}"
EndProject
Project("{2150E333-8FDC-42A3-9474-1A3956D46DE8}") = "03-language", "03-language", "{7350784E-8EFD-AD24-00CA-7E46D083392F}"
EndProject
Project("{2150E333-8FDC-42A3-9474-1A3956D46DE8}") = "C-Sharp", "C-Sharp", "{954AB354-907E-3750-9C0B-A5C5707B1AAB}"
EndProject
Project("{FAE04EC0-301F-11D3-BF4B-00C04F79EFBC}") = "clock_client", "2-azure-ai-vision\mslearn-ai-language\Labfiles\03-language\C-Sharp\clock-client\clock_client.csproj", "{C38692B4-53F3-0C7B-593A-DBB2D4D6DC4D}"
EndProject
Project("{2150E333-8FDC-42A3-9474-1A3956D46DE8}") = "04-text-classification", "04-text-classification", "{FBB4D126-6D44-BC2E-0581-A395B53BDF6C}"
EndProject
Project("{2150E333-8FDC-42A3-9474-1A3956D46DE8}") = "C-Sharp", "C-Sharp", "{058F47F3-3C09-DF49-A294-A9CBEBE54F8A}"
EndProject
Project("{FAE04EC0-301F-11D3-BF4B-00C04F79EFBC}") = "classify-text", "2-azure-ai-vision\mslearn-ai-language\Labfiles\04-text-classification\C-Sharp\classify-text\classify-text.csproj", "{3F811CDB-4B6C-FD50-2369-4444F850249C}"
EndProject
Project("{2150E333-8FDC-42A3-9474-1A3956D46DE8}") = "05-custom-entity-recognition", "05-custom-entity-recognition", "{EB41F3BA-6ADE-68D3-763D-5599A3B0F3AD}"
EndProject
Project("{2150E333-8FDC-42A3-9474-1A3956D46DE8}") = "C-Sharp", "C-Sharp", "{355C08B0-8851-FFF9-D816-A799E43BCAEC}"
EndProject
Project("{FAE04EC0-301F-11D3-BF4B-00C04F79EFBC}") = "custom-entities", "2-azure-ai-vision\mslearn-ai-language\Labfiles\05-custom-entity-recognition\C-Sharp\custom-entities\custom-entities.csproj", "{21BF14F9-253B-21D7-BFC4-4BFE231EF006}"
EndProject
Project("{2150E333-8FDC-42A3-9474-1A3956D46DE8}") = "06-translate-text", "06-translate-text", "{98FC61E7-82B1-355D-6060-429A6D7BDF8E}"
EndProject
Project("{2150E333-8FDC-42A3-9474-1A3956D46DE8}") = "C-Sharp", "C-Sharp", "{B2442ADF-C748-2198-D5A7-B49B40C2BC4C}"
EndProject
Project("{FAE04EC0-301F-11D3-BF4B-00C04F79EFBC}") = "translate_text", "2-azure-ai-vision\mslearn-ai-language\Labfiles\06-translate-text\C-Sharp\text-translation\translate_text.csproj", "{6A834BBE-5F88-C91F-09BD-22EB426BBA5E}"
EndProject
Project("{2150E333-8FDC-42A3-9474-1A3956D46DE8}") = "06b-translator-sdk", "06b-translator-sdk", "{73881320-1AB4-FBE4-D7FC-1E52455F4E41}"
EndProject
Project("{2150E333-8FDC-42A3-9474-1A3956D46DE8}") = "C-Sharp", "C-Sharp", "{AFA36E9D-20F3-00EF-9A40-DD614D433E79}"
EndProject
Project("{FAE04EC0-301F-11D3-BF4B-00C04F79EFBC}") = "translate_text", "2-azure-ai-vision\mslearn-ai-language\Labfiles\06b-translator-sdk\C-Sharp\translate-text\translate_text.csproj", "{922C5565-97AC-D50A-31C3-1E1C57A915CE}"
EndProject
Project("{2150E333-8FDC-42A3-9474-1A3956D46DE8}") = "07-speech", "07-speech", "{67B416CC-AB6C-155D-1442-5AF5F343C4FE}"
EndProject
Project("{2150E333-8FDC-42A3-9474-1A3956D46DE8}") = "C-Sharp", "C-Sharp", "{D08236BC-C884-6299-6C5A-19ED7D587EB4}"
EndProject
Project("{FAE04EC0-301F-11D3-BF4B-00C04F79EFBC}") = "speaking-clock", "2-azure-ai-vision\mslearn-ai-language\Labfiles\07-speech\C-Sharp\speaking-clock\speaking-clock.csproj", "{6914C4E8-34C8-C511-89AD-33B3D10904CF}"
EndProject
Project("{2150E333-8FDC-42A3-9474-1A3956D46DE8}") = "08-speech-translation", "08-speech-translation", "{A5D7C6A5-DCD8-06F5-F68D-4AA1529EB9DB}"
EndProject
Project("{2150E333-8FDC-42A3-9474-1A3956D46DE8}") = "C-Sharp", "C-Sharp", "{4D64A7D3-E92E-65A0-8E32-624F1F5A3AD9}"
EndProject
Project("{FAE04EC0-301F-11D3-BF4B-00C04F79EFBC}") = "translator", "2-azure-ai-vision\mslearn-ai-language\Labfiles\08-speech-translation\C-Sharp\translator\translator.csproj", "{BB0043AE-75F6-97CE-867B-1C5D6B27B98D}"
EndProject
Global
	GlobalSection(SolutionConfigurationPlatforms) = preSolution
		Debug|Any CPU = Debug|Any CPU
		Release|Any CPU = Release|Any CPU
	EndGlobalSection
	GlobalSection(ProjectConfigurationPlatforms) = postSolution
		{3841A9E6-BFB4-02F6-E98A-AA6E590F8F39}.Debug|Any CPU.ActiveCfg = Debug|Any CPU
		{3841A9E6-BFB4-02F6-E98A-AA6E590F8F39}.Debug|Any CPU.Build.0 = Debug|Any CPU
		{3841A9E6-BFB4-02F6-E98A-AA6E590F8F39}.Release|Any CPU.ActiveCfg = Release|Any CPU
		{3841A9E6-BFB4-02F6-E98A-AA6E590F8F39}.Release|Any CPU.Build.0 = Release|Any CPU
		{E0480EF3-3B93-96F3-EF00-82687DB72458}.Debug|Any CPU.ActiveCfg = Debug|Any CPU
		{E0480EF3-3B93-96F3-EF00-82687DB72458}.Debug|Any CPU.Build.0 = Debug|Any CPU
		{E0480EF3-3B93-96F3-EF00-82687DB72458}.Release|Any CPU.ActiveCfg = Release|Any CPU
		{E0480EF3-3B93-96F3-EF00-82687DB72458}.Release|Any CPU.Build.0 = Release|Any CPU
		{C38692B4-53F3-0C7B-593A-DBB2D4D6DC4D}.Debug|Any CPU.ActiveCfg = Debug|Any CPU
		{C38692B4-53F3-0C7B-593A-DBB2D4D6DC4D}.Debug|Any CPU.Build.0 = Debug|Any CPU
		{C38692B4-53F3-0C7B-593A-DBB2D4D6DC4D}.Release|Any CPU.ActiveCfg = Release|Any CPU
		{C38692B4-53F3-0C7B-593A-DBB2D4D6DC4D}.Release|Any CPU.Build.0 = Release|Any CPU
		{3F811CDB-4B6C-FD50-2369-4444F850249C}.Debug|Any CPU.ActiveCfg = Debug|Any CPU
		{3F811CDB-4B6C-FD50-2369-4444F850249C}.Debug|Any CPU.Build.0 = Debug|Any CPU
		{3F811CDB-4B6C-FD50-2369-4444F850249C}.Release|Any CPU.ActiveCfg = Release|Any CPU
		{3F811CDB-4B6C-FD50-2369-4444F850249C}.Release|Any CPU.Build.0 = Release|Any CPU
		{21BF14F9-253B-21D7-BFC4-4BFE231EF006}.Debug|Any CPU.ActiveCfg = Debug|Any CPU
		{21BF14F9-253B-21D7-BFC4-4BFE231EF006}.Debug|Any CPU.Build.0 = Debug|Any CPU
		{21BF14F9-253B-21D7-BFC4-4BFE231EF006}.Release|Any CPU.ActiveCfg = Release|Any CPU
		{21BF14F9-253B-21D7-BFC4-4BFE231EF006}.Release|Any CPU.Build.0 = Release|Any CPU
		{6A834BBE-5F88-C91F-09BD-22EB426BBA5E}.Debug|Any CPU.ActiveCfg = Debug|Any CPU
		{6A834BBE-5F88-C91F-09BD-22EB426BBA5E}.Debug|Any CPU.Build.0 = Debug|Any CPU
		{6A834BBE-5F88-C91F-09BD-22EB426BBA5E}.Release|Any CPU.ActiveCfg = Release|Any CPU
		{6A834BBE-5F88-C91F-09BD-22EB426BBA5E}.Release|Any CPU.Build.0 = Release|Any CPU
		{922C5565-97AC-D50A-31C3-1E1C57A915CE}.Debug|Any CPU.ActiveCfg = Debug|Any CPU
		{922C5565-97AC-D50A-31C3-1E1C57A915CE}.Debug|Any CPU.Build.0 = Debug|Any CPU
		{922C5565-97AC-D50A-31C3-1E1C57A915CE}.Release|Any CPU.ActiveCfg = Release|Any CPU
		{922C5565-97AC-D50A-31C3-1E1C57A915CE}.Release|Any CPU.Build.0 = Release|Any CPU
		{6914C4E8-34C8-C511-89AD-33B3D10904CF}.Debug|Any CPU.ActiveCfg = Debug|Any CPU
		{6914C4E8-34C8-C511-89AD-33B3D10904CF}.Debug|Any CPU.Build.0 = Debug|Any CPU
		{6914C4E8-34C8-C511-89AD-33B3D10904CF}.Release|Any CPU.ActiveCfg = Release|Any CPU
		{6914C4E8-34C8-C511-89AD-33B3D10904CF}.Release|Any CPU.Build.0 = Release|Any CPU
		{BB0043AE-75F6-97CE-867B-1C5D6B27B98D}.Debug|Any CPU.ActiveCfg = Debug|Any CPU
		{BB0043AE-75F6-97CE-867B-1C5D6B27B98D}.Debug|Any CPU.Build.0 = Debug|Any CPU
		{BB0043AE-75F6-97CE-867B-1C5D6B27B98D}.Release|Any CPU.ActiveCfg = Release|Any CPU
		{BB0043AE-75F6-97CE-867B-1C5D6B27B98D}.Release|Any CPU.Build.0 = Release|Any CPU
	EndGlobalSection
	GlobalSection(SolutionProperties) = preSolution
		HideSolutionNode = FALSE
	EndGlobalSection
	GlobalSection(NestedProjects) = preSolution
		{D3E2720D-C6C9-27C0-4319-D3C43FBDB677} = {DE608FC0-2A52-3854-C83E-EA15C10390B6}
		{B0D6F6D5-FD53-3846-FBF0-5DB2B1263F82} = {D3E2720D-C6C9-27C0-4319-D3C43FBDB677}
		{B767AFF2-80C1-5F40-1D02-7C36EBA1AA83} = {B0D6F6D5-FD53-3846-FBF0-5DB2B1263F82}
		{24B3322C-8A43-2029-26CF-D25779A43217} = {B767AFF2-80C1-5F40-1D02-7C36EBA1AA83}
		{3841A9E6-BFB4-02F6-E98A-AA6E590F8F39} = {24B3322C-8A43-2029-26CF-D25779A43217}
		{77862775-9F57-77FB-D843-42BD7C967D73} = {B0D6F6D5-FD53-3846-FBF0-5DB2B1263F82}
		{B5FCD58A-894C-2E9C-4C64-96C1CA7EB7AD} = {77862775-9F57-77FB-D843-42BD7C967D73}
		{E0480EF3-3B93-96F3-EF00-82687DB72458} = {B5FCD58A-894C-2E9C-4C64-96C1CA7EB7AD}
		{7350784E-8EFD-AD24-00CA-7E46D083392F} = {B0D6F6D5-FD53-3846-FBF0-5DB2B1263F82}
		{954AB354-907E-3750-9C0B-A5C5707B1AAB} = {7350784E-8EFD-AD24-00CA-7E46D083392F}
		{C38692B4-53F3-0C7B-593A-DBB2D4D6DC4D} = {954AB354-907E-3750-9C0B-A5C5707B1AAB}
		{FBB4D126-6D44-BC2E-0581-A395B53BDF6C} = {B0D6F6D5-FD53-3846-FBF0-5DB2B1263F82}
		{058F47F3-3C09-DF49-A294-A9CBEBE54F8A} = {FBB4D126-6D44-BC2E-0581-A395B53BDF6C}
		{3F811CDB-4B6C-FD50-2369-4444F850249C} = {058F47F3-3C09-DF49-A294-A9CBEBE54F8A}
		{EB41F3BA-6ADE-68D3-763D-5599A3B0F3AD} = {B0D6F6D5-FD53-3846-FBF0-5DB2B1263F82}
		{355C08B0-8851-FFF9-D816-A799E43BCAEC} = {EB41F3BA-6ADE-68D3-763D-5599A3B0F3AD}
		{21BF14F9-253B-21D7-BFC4-4BFE231EF006} = {355C08B0-8851-FFF9-D816-A799E43BCAEC}
		{98FC61E7-82B1-355D-6060-429A6D7BDF8E} = {B0D6F6D5-FD53-3846-FBF0-5DB2B1263F82}
		{B2442ADF-C748-2198-D5A7-B49B40C2BC4C} = {98FC61E7-82B1-355D-6060-429A6D7BDF8E}
		{6A834BBE-5F88-C91F-09BD-22EB426BBA5E} = {B2442ADF-C748-2198-D5A7-B49B40C2BC4C}
		{73881320-1AB4-FBE4-D7FC-1E52455F4E41} = {B0D6F6D5-FD53-3846-FBF0-5DB2B1263F82}
		{AFA36E9D-20F3-00EF-9A40-DD614D433E79} = {73881320-1AB4-FBE4-D7FC-1E52455F4E41}
		{922C5565-97AC-D50A-31C3-1E1C57A915CE} = {AFA36E9D-20F3-00EF-9A40-DD614D433E79}
		{67B416CC-AB6C-155D-1442-5AF5F343C4FE} = {B0D6F6D5-FD53-3846-FBF0-5DB2B1263F82}
		{D08236BC-C884-6299-6C5A-19ED7D587EB4} = {67B416CC-AB6C-155D-1442-5AF5F343C4FE}
		{6914C4E8-34C8-C511-89AD-33B3D10904CF} = {D08236BC-C884-6299-6C5A-19ED7D587EB4}
		{A5D7C6A5-DCD8-06F5-F68D-4AA1529EB9DB} = {B0D6F6D5-FD53-3846-FBF0-5DB2B1263F82}
		{4D64A7D3-E92E-65A0-8E32-624F1F5A3AD9} = {A5D7C6A5-DCD8-06F5-F68D-4AA1529EB9DB}
		{BB0043AE-75F6-97CE-867B-1C5D6B27B98D} = {4D64A7D3-E92E-65A0-8E32-624F1F5A3AD9}
	EndGlobalSection
	GlobalSection(ExtensibilityGlobals) = postSolution
		SolutionGuid = {6DE68AC7-3535-45CF-AB61-518202299E6A}
	EndGlobalSection
EndGlobal
